
Microsoft Visual Studio Solution File, Format Version 12.00
# Visual Studio Version 16
VisualStudioVersion = 16.0.31402.337
MinimumVisualStudioVersion = 10.0.40219.1
Project("{FAE04EC0-301F-11D3-BF4B-00C04F79EFBC}") = "Game", "Game\Game.csproj", "{64D0BD32-082F-4274-97CC-108BD2921DE1}"
EndProject
Global
	GlobalSection(SolutionConfigurationPlatforms) = preSolution
		Debug|Any CPU = Debug|Any CPU
		Release|Any CPU = Release|Any CPU
	EndGlobalSection
	GlobalSection(ProjectConfigurationPlatforms) = postSolution
		{64D0BD32-082F-4274-97CC-108BD2921DE1}.Debug|Any CPU.ActiveCfg = Debug|Any CPU
		{64D0BD32-082F-4274-97CC-108BD2921DE1}.Debug|Any CPU.Build.0 = Debug|Any CPU
		{64D0BD32-082F-4274-97CC-108BD2921DE1}.Release|Any CPU.ActiveCfg = Release|Any CPU
		{64D0BD32-082F-4274-97CC-108BD2921DE1}.Release|Any CPU.Build.0 = Release|Any CPU
	EndGlobalSection
	GlobalSection(SolutionProperties) = preSolution
		HideSolutionNode = FALSE
	EndGlobalSection
	GlobalSection(ExtensibilityGlobals) = postSolution
		SolutionGuid = {1BBEB2D5-1CA1-499B-A4AB-29D7DECCCD82}
	EndGlobalSection
EndGlobal
